
Microsoft Visual Studio Solution File, Format Version 12.00
# Visual Studio 15
VisualStudioVersion = 15.0.27130.2027
MinimumVisualStudioVersion = 10.0.40219.1
Project("{FAE04EC0-301F-11D3-BF4B-00C04F79EFBC}") = "ServerConsoleApp", "ServerConsoleApp\ServerConsoleApp\ServerConsoleApp.csproj", "{D334F830-4AE4-4A08-8226-C9CDF3BFE3F4}"
EndProject
Project("{FAE04EC0-301F-11D3-BF4B-00C04F79EFBC}") = "ShareClassLibrary", "ShareClassLibrary\ShareClassLibrary.csproj", "{84D9748A-489F-4282-9E94-7FC5E017F336}"
EndProject
Project("{FAE04EC0-301F-11D3-BF4B-00C04F79EFBC}") = "ClientConsoleApp", "ClientConsoleApp\ClientConsoleApp.csproj", "{A2C3A8E3-DDEC-47EF-8634-2DD7579199A5}"
EndProject
Global
	GlobalSection(SolutionConfigurationPlatforms) = preSolution
		Debug|Any CPU = Debug|Any CPU
		Release|Any CPU = Release|Any CPU
	EndGlobalSection
	GlobalSection(ProjectConfigurationPlatforms) = postSolution
		{D334F830-4AE4-4A08-8226-C9CDF3BFE3F4}.Debug|Any CPU.ActiveCfg = Debug|Any CPU
		{D334F830-4AE4-4A08-8226-C9CDF3BFE3F4}.Debug|Any CPU.Build.0 = Debug|Any CPU
		{D334F830-4AE4-4A08-8226-C9CDF3BFE3F4}.Release|Any CPU.ActiveCfg = Release|Any CPU
		{D334F830-4AE4-4A08-8226-C9CDF3BFE3F4}.Release|Any CPU.Build.0 = Release|Any CPU
		{84D9748A-489F-4282-9E94-7FC5E017F336}.Debug|Any CPU.ActiveCfg = Debug|Any CPU
		{84D9748A-489F-4282-9E94-7FC5E017F336}.Debug|Any CPU.Build.0 = Debug|Any CPU
		{84D9748A-489F-4282-9E94-7FC5E017F336}.Release|Any CPU.ActiveCfg = Release|Any CPU
		{84D9748A-489F-4282-9E94-7FC5E017F336}.Release|Any CPU.Build.0 = Release|Any CPU
		{A2C3A8E3-DDEC-47EF-8634-2DD7579199A5}.Debug|Any CPU.ActiveCfg = Debug|Any CPU
		{A2C3A8E3-DDEC-47EF-8634-2DD7579199A5}.Debug|Any CPU.Build.0 = Debug|Any CPU
		{A2C3A8E3-DDEC-47EF-8634-2DD7579199A5}.Release|Any CPU.ActiveCfg = Release|Any CPU
		{A2C3A8E3-DDEC-47EF-8634-2DD7579199A5}.Release|Any CPU.Build.0 = Release|Any CPU
	EndGlobalSection
	GlobalSection(SolutionProperties) = preSolution
		HideSolutionNode = FALSE
	EndGlobalSection
	GlobalSection(ExtensibilityGlobals) = postSolution
		SolutionGuid = {94BF3148-4FA4-43DA-A49A-1E3544AA38A3}
	EndGlobalSection
EndGlobal
